
Microsoft Visual Studio Solution File, Format Version 12.00
# Visual Studio Version 17
VisualStudioVersion = 17.11.35327.3
MinimumVisualStudioVersion = 10.0.40219.1
Project("{2150E333-8FDC-42A3-9474-1A3956D46DE8}") = "src", "src", "{315E9834-4C91-46A8-B9E8-15A4CF707597}"
EndProject
Project("{2150E333-8FDC-42A3-9474-1A3956D46DE8}") = "test", "test", "{0DC198F3-241A-4588-93F3-597F7F440DBC}"
EndProject
Project("{2150E333-8FDC-42A3-9474-1A3956D46DE8}") = "API", "API", "{14B03AFC-773A-49BC-8ED6-C30B7BA2D796}"
EndProject
Project("{2150E333-8FDC-42A3-9474-1A3956D46DE8}") = "UI", "UI", "{0287D27D-44E1-4912-84D8-8D7833D09F57}"
EndProject
Project("{2150E333-8FDC-42A3-9474-1A3956D46DE8}") = "Core", "Core", "{FFA39C98-49E3-47B4-BDBE-EEEFD36EA1F3}"
EndProject
Project("{2150E333-8FDC-42A3-9474-1A3956D46DE8}") = "Infrastructure", "Infrastructure", "{9A91687B-DEB8-4C26-A0CD-9D7194BFE4C8}"
EndProject
Project("{9A19103F-16F7-4668-BE54-9A1E7A4F7556}") = "LeaveManagement.Domain", "LeaveManagement.Domain\LeaveManagement.Domain.csproj", "{FA7FD13F-25E7-4253-B417-F7F390ABC381}"
EndProject
Project("{9A19103F-16F7-4668-BE54-9A1E7A4F7556}") = "LeaveManagement.Application", "LeaveManagement.Application\LeaveManagement.Application.csproj", "{E10EAD9D-7FC1-48DD-8C70-4DBA868E7A78}"
EndProject
Project("{9A19103F-16F7-4668-BE54-9A1E7A4F7556}") = "LeaveManagement.Persistence", "Persistence\LeaveManagement.Persistence.csproj", "{46A112F7-6278-4C27-928F-1D6F9064D234}"
EndProject
Project("{9A19103F-16F7-4668-BE54-9A1E7A4F7556}") = "LeaveManagement.Infrastructure", "Infrastructure\LeaveManagement.Infrastructure.csproj", "{4BE3B90E-5396-40D7-905B-0C9B3097EFB3}"
EndProject
Global
	GlobalSection(SolutionConfigurationPlatforms) = preSolution
		Debug|Any CPU = Debug|Any CPU
		Release|Any CPU = Release|Any CPU
	EndGlobalSection
	GlobalSection(ProjectConfigurationPlatforms) = postSolution
		{FA7FD13F-25E7-4253-B417-F7F390ABC381}.Debug|Any CPU.ActiveCfg = Debug|Any CPU
		{FA7FD13F-25E7-4253-B417-F7F390ABC381}.Debug|Any CPU.Build.0 = Debug|Any CPU
		{FA7FD13F-25E7-4253-B417-F7F390ABC381}.Release|Any CPU.ActiveCfg = Release|Any CPU
		{FA7FD13F-25E7-4253-B417-F7F390ABC381}.Release|Any CPU.Build.0 = Release|Any CPU
		{E10EAD9D-7FC1-48DD-8C70-4DBA868E7A78}.Debug|Any CPU.ActiveCfg = Debug|Any CPU
		{E10EAD9D-7FC1-48DD-8C70-4DBA868E7A78}.Debug|Any CPU.Build.0 = Debug|Any CPU
		{E10EAD9D-7FC1-48DD-8C70-4DBA868E7A78}.Release|Any CPU.ActiveCfg = Release|Any CPU
		{E10EAD9D-7FC1-48DD-8C70-4DBA868E7A78}.Release|Any CPU.Build.0 = Release|Any CPU
		{46A112F7-6278-4C27-928F-1D6F9064D234}.Debug|Any CPU.ActiveCfg = Debug|Any CPU
		{46A112F7-6278-4C27-928F-1D6F9064D234}.Debug|Any CPU.Build.0 = Debug|Any CPU
		{46A112F7-6278-4C27-928F-1D6F9064D234}.Release|Any CPU.ActiveCfg = Release|Any CPU
		{46A112F7-6278-4C27-928F-1D6F9064D234}.Release|Any CPU.Build.0 = Release|Any CPU
		{4BE3B90E-5396-40D7-905B-0C9B3097EFB3}.Debug|Any CPU.ActiveCfg = Debug|Any CPU
		{4BE3B90E-5396-40D7-905B-0C9B3097EFB3}.Debug|Any CPU.Build.0 = Debug|Any CPU
		{4BE3B90E-5396-40D7-905B-0C9B3097EFB3}.Release|Any CPU.ActiveCfg = Release|Any CPU
		{4BE3B90E-5396-40D7-905B-0C9B3097EFB3}.Release|Any CPU.Build.0 = Release|Any CPU
	EndGlobalSection
	GlobalSection(SolutionProperties) = preSolution
		HideSolutionNode = FALSE
	EndGlobalSection
	GlobalSection(NestedProjects) = preSolution
		{14B03AFC-773A-49BC-8ED6-C30B7BA2D796} = {315E9834-4C91-46A8-B9E8-15A4CF707597}
		{0287D27D-44E1-4912-84D8-8D7833D09F57} = {315E9834-4C91-46A8-B9E8-15A4CF707597}
		{FFA39C98-49E3-47B4-BDBE-EEEFD36EA1F3} = {315E9834-4C91-46A8-B9E8-15A4CF707597}
		{9A91687B-DEB8-4C26-A0CD-9D7194BFE4C8} = {315E9834-4C91-46A8-B9E8-15A4CF707597}
		{FA7FD13F-25E7-4253-B417-F7F390ABC381} = {FFA39C98-49E3-47B4-BDBE-EEEFD36EA1F3}
		{E10EAD9D-7FC1-48DD-8C70-4DBA868E7A78} = {FFA39C98-49E3-47B4-BDBE-EEEFD36EA1F3}
		{46A112F7-6278-4C27-928F-1D6F9064D234} = {9A91687B-DEB8-4C26-A0CD-9D7194BFE4C8}
		{4BE3B90E-5396-40D7-905B-0C9B3097EFB3} = {9A91687B-DEB8-4C26-A0CD-9D7194BFE4C8}
	EndGlobalSection
	GlobalSection(ExtensibilityGlobals) = postSolution
		SolutionGuid = {F0E814AA-3853-4F1E-810B-3634F054A140}
	EndGlobalSection
EndGlobal
